
Microsoft Visual Studio Solution File, Format Version 12.00
# Visual Studio Version 17
VisualStudioVersion = 17.5.002.0
MinimumVisualStudioVersion = 10.0.40219.1
Project("{9A19103F-16F7-4668-BE54-9A1E7A4F7556}") = "ScreenSound-3", "ScreenSound-3.csproj", "{1E5EECD0-C284-41AC-BA1C-9288D05CC530}"
EndProject
Global
	GlobalSection(SolutionConfigurationPlatforms) = preSolution
		Debug|Any CPU = Debug|Any CPU
		Release|Any CPU = Release|Any CPU
	EndGlobalSection
	GlobalSection(ProjectConfigurationPlatforms) = postSolution
		{1E5EECD0-C284-41AC-BA1C-9288D05CC530}.Debug|Any CPU.ActiveCfg = Debug|Any CPU
		{1E5EECD0-C284-41AC-BA1C-9288D05CC530}.Debug|Any CPU.Build.0 = Debug|Any CPU
		{1E5EECD0-C284-41AC-BA1C-9288D05CC530}.Release|Any CPU.ActiveCfg = Release|Any CPU
		{1E5EECD0-C284-41AC-BA1C-9288D05CC530}.Release|Any CPU.Build.0 = Release|Any CPU
	EndGlobalSection
	GlobalSection(SolutionProperties) = preSolution
		HideSolutionNode = FALSE
	EndGlobalSection
	GlobalSection(ExtensibilityGlobals) = postSolution
		SolutionGuid = {13217458-CFC2-4FF2-9A67-BFFD8E9A7D55}
	EndGlobalSection
EndGlobal
